
Microsoft Visual Studio Solution File, Format Version 12.00
# Visual Studio Version 17
VisualStudioVersion = 17.11.35312.102
MinimumVisualStudioVersion = 10.0.40219.1
Project("{FAE04EC0-301F-11D3-BF4B-00C04F79EFBC}") = "punto31.class", "punto31.class\punto31.class.csproj", "{DDEC5460-DF9B-4537-802F-26721C9DBBE8}"
EndProject
Global
	GlobalSection(SolutionConfigurationPlatforms) = preSolution
		Debug|Any CPU = Debug|Any CPU
		Release|Any CPU = Release|Any CPU
	EndGlobalSection
	GlobalSection(ProjectConfigurationPlatforms) = postSolution
		{DDEC5460-DF9B-4537-802F-26721C9DBBE8}.Debug|Any CPU.ActiveCfg = Debug|Any CPU
		{DDEC5460-DF9B-4537-802F-26721C9DBBE8}.Debug|Any CPU.Build.0 = Debug|Any CPU
		{DDEC5460-DF9B-4537-802F-26721C9DBBE8}.Release|Any CPU.ActiveCfg = Release|Any CPU
		{DDEC5460-DF9B-4537-802F-26721C9DBBE8}.Release|Any CPU.Build.0 = Release|Any CPU
	EndGlobalSection
	GlobalSection(SolutionProperties) = preSolution
		HideSolutionNode = FALSE
	EndGlobalSection
	GlobalSection(ExtensibilityGlobals) = postSolution
		SolutionGuid = {38CCB94E-DB8C-4586-B309-FC287A85D21E}
	EndGlobalSection
EndGlobal
